
Microsoft Visual Studio Solution File, Format Version 12.00
# Visual Studio 2017
Project("{FAE04EC0-301F-11D3-BF4B-00C04F79EFBC}") = "FRC Sim 3D", "FRC Sim 3D.csproj", "{6DC21880-B828-5817-B9E8-AEB92ADD94AF}"
EndProject
Project("{FAE04EC0-301F-11D3-BF4B-00C04F79EFBC}") = "FRC Sim 3D.Editor", "FRC Sim 3D.Editor.csproj", "{7A47CBF2-6240-04B0-7E9F-48E73DF97150}"
EndProject
Global
	GlobalSection(SolutionConfigurationPlatforms) = preSolution
		Debug|Any CPU = Debug|Any CPU
		Release|Any CPU = Release|Any CPU
	EndGlobalSection
	GlobalSection(ProjectConfigurationPlatforms) = postSolution
		{6DC21880-B828-5817-B9E8-AEB92ADD94AF}.Debug|Any CPU.ActiveCfg = Debug|Any CPU
		{6DC21880-B828-5817-B9E8-AEB92ADD94AF}.Debug|Any CPU.Build.0 = Debug|Any CPU
		{6DC21880-B828-5817-B9E8-AEB92ADD94AF}.Release|Any CPU.ActiveCfg = Release|Any CPU
		{6DC21880-B828-5817-B9E8-AEB92ADD94AF}.Release|Any CPU.Build.0 = Release|Any CPU
		{7A47CBF2-6240-04B0-7E9F-48E73DF97150}.Debug|Any CPU.ActiveCfg = Debug|Any CPU
		{7A47CBF2-6240-04B0-7E9F-48E73DF97150}.Debug|Any CPU.Build.0 = Debug|Any CPU
		{7A47CBF2-6240-04B0-7E9F-48E73DF97150}.Release|Any CPU.ActiveCfg = Release|Any CPU
		{7A47CBF2-6240-04B0-7E9F-48E73DF97150}.Release|Any CPU.Build.0 = Release|Any CPU
	EndGlobalSection
	GlobalSection(SolutionProperties) = preSolution
		HideSolutionNode = FALSE
	EndGlobalSection
EndGlobal
